{
  "name": "test-project",
  "version": "1.0.0",
  "lockfileVersion": 3,
  "requires": true,
  "packages": {
    "": {
      "name": "test-project",
      "version": "1.0.0",
      "license": "ISC",
      "dependencies": {
        "test-package-ruslan-123": "^1.0.3"
      }
    },
    "node_modules/@sentry-internal/browser-utils": {
      "version": "8.22.0",
      "resolved": "https://registry.npmjs.org/@sentry-internal/browser-utils/-/browser-utils-8.22.0.tgz",
      "integrity": "sha512-R0u8KPaSivueIwUOhmYxcisKaJq3gx+I0xOcWoluDB3OI1Ds/QOSP/vmTsMg/mjwG/nUJ8RRM8pj0s8vlqCrjg==",
      "dependencies": {
        "@sentry/core": "8.22.0",
        "@sentry/types": "8.22.0",
        "@sentry/utils": "8.22.0"
      },
      "engines": {
        "node": ">=14.18"
      }
    },
    "node_modules/@sentry-internal/feedback": {
      "version": "8.22.0",
      "resolved": "https://registry.npmjs.org/@sentry-internal/feedback/-/feedback-8.22.0.tgz",
      "integrity": "sha512-Sy2+v0xBmVnZ5LQ48603CvLy5vVQvAZ+hc9xQSAHexts07NkvApMU1qv26YNwxlAWfDha1wXiW6ryd4YDzaoVA==",
      "dependencies": {
        "@sentry/core": "8.22.0",
        "@sentry/types": "8.22.0",
        "@sentry/utils": "8.22.0"
      },
      "engines": {
        "node": ">=14.18"
      }
    },
    "node_modules/@sentry-internal/replay": {
      "version": "8.22.0",
      "resolved": "https://registry.npmjs.org/@sentry-internal/replay/-/replay-8.22.0.tgz",
      "integrity": "sha512-sF8RyMPJP1fSIyyBDAbtybvKCu0dy8ZAfMwLP7ZqEnWrhZqktVuqM7/++EAFMlD5YaWJXm1IDuOXjgSQjUtSIQ==",
      "dependencies": {
        "@sentry-internal/browser-utils": "8.22.0",
        "@sentry/core": "8.22.0",
        "@sentry/types": "8.22.0",
        "@sentry/utils": "8.22.0"
      },
      "engines": {
        "node": ">=14.18"
      }
    },
    "node_modules/@sentry-internal/replay-canvas": {
      "version": "8.22.0",
      "resolved": "https://registry.npmjs.org/@sentry-internal/replay-canvas/-/replay-canvas-8.22.0.tgz",
      "integrity": "sha512-/gV8qN3JqWw0LXTMuCGB8RDI8Bx1VESNRBdh/7Cmc5+hxYBfcketuix3S8mHWcE/JO+Ed9g1Abzys6GphTB9LA==",
      "dependencies": {
        "@sentry-internal/replay": "8.22.0",
        "@sentry/core": "8.22.0",
        "@sentry/types": "8.22.0",
        "@sentry/utils": "8.22.0"
      },
      "engines": {
        "node": ">=14.18"
      }
    },
    "node_modules/@sentry/browser": {
      "version": "8.22.0",
      "resolved": "https://registry.npmjs.org/@sentry/browser/-/browser-8.22.0.tgz",
      "integrity": "sha512-t3b+/9WWcP9SQTWwrHrB57B33ENgmUjyFlW2+JSlCXkSJBSmAoquPZ/GPjOuPaSr3HIA0mu9uEr4A41d5diASQ==",
      "dependencies": {
        "@sentry-internal/browser-utils": "8.22.0",
        "@sentry-internal/feedback": "8.22.0",
        "@sentry-internal/replay": "8.22.0",
        "@sentry-internal/replay-canvas": "8.22.0",
        "@sentry/core": "8.22.0",
        "@sentry/types": "8.22.0",
        "@sentry/utils": "8.22.0"
      },
      "engines": {
        "node": ">=14.18"
      }
    },
    "node_modules/@sentry/core": {
      "version": "8.22.0",
      "resolved": "https://registry.npmjs.org/@sentry/core/-/core-8.22.0.tgz",
      "integrity": "sha512-fYPnxp7UkY2tckaOtivIySxnJvlbekuxs+Qi6rkUv9JpF+TYKpt7OPNUAbgVIhS0xazAEN6iKTfmnmpUbFRLmQ==",
      "dependencies": {
        "@sentry/types": "8.22.0",
        "@sentry/utils": "8.22.0"
      },
      "engines": {
        "node": ">=14.18"
      }
    },
    "node_modules/@sentry/react": {
      "version": "8.22.0",
      "resolved": "https://registry.npmjs.org/@sentry/react/-/react-8.22.0.tgz",
      "integrity": "sha512-LcO8SPfjYsx3Zvg1mQwjreVvtriVxde+6njIJyXU9TArB0e8bFexvd4MGXdBExgW9aY449hNaStgKRWMNHeVHQ==",
      "dependencies": {
        "@sentry/browser": "8.22.0",
        "@sentry/core": "8.22.0",
        "@sentry/types": "8.22.0",
        "@sentry/utils": "8.22.0",
        "hoist-non-react-statics": "^3.3.2"
      },
      "engines": {
        "node": ">=14.18"
      },
      "peerDependencies": {
        "react": "^16.14.0 || 17.x || 18.x || 19.x"
      }
    },
    "node_modules/@sentry/types": {
      "version": "8.22.0",
      "resolved": "https://registry.npmjs.org/@sentry/types/-/types-8.22.0.tgz",
      "integrity": "sha512-1MLK3xO+uF2oJaa+M98aLIrQsEHzV7xnVWPfE3MhejYLNQebj4rQnQKTut/xZNIF9W0Q+bRcakLarC3ce2a74g==",
      "engines": {
        "node": ">=14.18"
      }
    },
    "node_modules/@sentry/utils": {
      "version": "8.22.0",
      "resolved": "https://registry.npmjs.org/@sentry/utils/-/utils-8.22.0.tgz",
      "integrity": "sha512-0ITG2+3EtyMtyc/nQG8aB9z9eIQ4L43nM/KuNgYSnM1vPl/zegbaLT0Ek/xkQB1OLIOLkEPQ6x9GWe+248/n3g==",
      "dependencies": {
        "@sentry/types": "8.22.0"
      },
      "engines": {
        "node": ">=14.18"
      }
    },
    "node_modules/hoist-non-react-statics": {
      "version": "3.3.2",
      "resolved": "https://registry.npmjs.org/hoist-non-react-statics/-/hoist-non-react-statics-3.3.2.tgz",
      "integrity": "sha512-/gGivxi8JPKWNm/W0jSmzcMPpfpPLc3dY/6GxhX2hQ9iGj3aDfklV4ET7NjKpSinLpJ5vafa9iiGIEZg10SfBw==",
      "dependencies": {
        "react-is": "^16.7.0"
      }
    },
    "node_modules/js-tokens": {
      "version": "4.0.0",
      "resolved": "https://registry.npmjs.org/js-tokens/-/js-tokens-4.0.0.tgz",
      "integrity": "sha512-RdJUflcE3cUzKiMqQgsCu06FPu9UdIJO0beYbPhHN4k6apgJtifcoCtT9bcxOpYBtpD2kCM6Sbzg4CausW/PKQ==",
      "peer": true
    },
    "node_modules/loose-envify": {
      "version": "1.4.0",
      "resolved": "https://registry.npmjs.org/loose-envify/-/loose-envify-1.4.0.tgz",
      "integrity": "sha512-lyuxPGr/Wfhrlem2CL/UcnUc1zcqKAImBDzukY7Y5F/yQiNdko6+fRLevlw1HgMySw7f611UIY408EtxRSoK3Q==",
      "peer": true,
      "dependencies": {
        "js-tokens": "^3.0.0 || ^4.0.0"
      },
      "bin": {
        "loose-envify": "cli.js"
      }
    },
    "node_modules/react": {
      "version": "18.3.1",
      "resolved": "https://registry.npmjs.org/react/-/react-18.3.1.tgz",
      "integrity": "sha512-wS+hAgJShR0KhEvPJArfuPVN1+Hz1t0Y6n5jLrGQbkb4urgPE/0Rve+1kMB1v/oWgHgm4WIcV+i7F2pTVj+2iQ==",
      "peer": true,
      "dependencies": {
        "loose-envify": "^1.1.0"
      },
      "engines": {
        "node": ">=0.10.0"
      }
    },
    "node_modules/react-is": {
      "version": "16.13.1",
      "resolved": "https://registry.npmjs.org/react-is/-/react-is-16.13.1.tgz",
      "integrity": "sha512-24e6ynE2H+OKt4kqsOvNd8kBpV65zoxbA4BVsEOB3ARVWQki/DHzaUoC5KuON/BiccDaCCTZBuOcfZs70kR8bQ=="
    },
    "node_modules/test-package-ruslan-123": {
      "version": "1.0.3",
      "resolved": "https://registry.npmjs.org/test-package-ruslan-123/-/test-package-ruslan-123-1.0.3.tgz",
      "integrity": "sha512-fcJspcFVNIlhIHtWK8fgLuTpxtn3DyUE/sFI1AEuWG+LxR4rI74m3hrTHrfX3DLwHt/MKIhHd2Z+LEKGYtlFdQ==",
      "dependencies": {
        "@sentry/react": "^8.19.0"
      }
    }
  }
}
